
Microsoft Visual Studio Solution File, Format Version 12.00
Project("{FAE04EC0-301F-11D3-BF4B-00C04F79EFBC}") = "RiverBooks.Api", "RiverBooks.Api\RiverBooks.Api.csproj", "{1EC914B8-7940-4D7A-AF7E-987F92FFE7F6}"
EndProject
Project("{FAE04EC0-301F-11D3-BF4B-00C04F79EFBC}") = "RiverBooks.Books", "RiverBooks.Books\RiverBooks.Books.csproj", "{296CAD9F-311F-4724-BED8-DF000028E7BD}"
EndProject
Project("{2150E333-8FDC-42A3-9474-1A3956D46DE8}") = "fsharp", "fsharp", "{02ADDE35-2189-4C53-BE1B-19DE89769569}"
EndProject
Project("{F2A71F9B-5D33-465A-A702-920D77279786}") = "SeaBooks.Api", "fsharp\SeaBooks.Api\SeaBooks.Api.fsproj", "{C81FEC98-25CD-4C5C-B42F-0FD403A77CBD}"
EndProject
Project("{F2A71F9B-5D33-465A-A702-920D77279786}") = "SeaBooks.Books", "fsharp\SeaBooks.Books\SeaBooks.Books.fsproj", "{BF470714-E487-4853-8927-4427209AF98E}"
EndProject
Project("{FAE04EC0-301F-11D3-BF4B-00C04F79EFBC}") = "RiverBooks.Books.Tests.Integration", "RiverBooks.Books.Tests.Integration\RiverBooks.Books.Tests.Integration.csproj", "{B11DCA13-1B37-47C4-84A6-1B0FFC1DD887}"
EndProject
Project("{2150E333-8FDC-42A3-9474-1A3956D46DE8}") = "BooksModule", "BooksModule", "{73FE982F-7B48-47FC-949D-E5D10B8E7E67}"
EndProject
Project("{2150E333-8FDC-42A3-9474-1A3956D46DE8}") = "UsersModule", "UsersModule", "{72EC7EE2-D2D6-4972-BCC4-DD93119D7745}"
EndProject
Project("{FAE04EC0-301F-11D3-BF4B-00C04F79EFBC}") = "RiverBooks.Users", "RiverBooks.Users\RiverBooks.Users.csproj", "{C23EA998-C39C-473E-8C74-8651A2E71FD5}"
EndProject
Project("{FAE04EC0-301F-11D3-BF4B-00C04F79EFBC}") = "RiverBooks.Books.Contracts", "RiverBooks.Books.Contracts\RiverBooks.Books.Contracts.csproj", "{62C139A3-72E4-4EBA-815D-BCFFB15A3247}"
EndProject
Project("{2150E333-8FDC-42A3-9474-1A3956D46DE8}") = "OrdersProcessingModule", "OrdersProcessingModule", "{0703467F-0373-497B-9740-649F707E60EE}"
EndProject
Project("{FAE04EC0-301F-11D3-BF4B-00C04F79EFBC}") = "RiverBooks.OrderProcessing", "RiverBooks.OrderProcessing\RiverBooks.OrderProcessing.csproj", "{226E44E9-6AF6-4FB9-A080-3CEE0BA44307}"
EndProject
Project("{FAE04EC0-301F-11D3-BF4B-00C04F79EFBC}") = "RiverBooks.OrderProcessing.Contracts", "RiverBooks.OrderProcessing.Contracts\RiverBooks.OrderProcessing.Contracts.csproj", "{247E40E5-6D7B-4D7F-965A-516C26881CD3}"
EndProject
Project("{FAE04EC0-301F-11D3-BF4B-00C04F79EFBC}") = "RiverBooks.Users.Contracts", "RiverBooks.Users.Contracts\RiverBooks.Users.Contracts.csproj", "{83ECBE28-1CE3-4C02-A5F2-0D4FC93B476F}"
EndProject
Project("{FAE04EC0-301F-11D3-BF4B-00C04F79EFBC}") = "Riverbooks.SharedKernel", "Riverbooks.SharedKernel\Riverbooks.SharedKernel.csproj", "{983EDBF5-13D2-43FD-966D-9094758285B3}"
EndProject
Project("{FAE04EC0-301F-11D3-BF4B-00C04F79EFBC}") = "RiverBooks.OrderProcessing.Tests", "RiverBooks.OrderProcessing.Tests\RiverBooks.OrderProcessing.Tests.csproj", "{6676FC92-E8C3-4F7F-AC1B-3AE264778104}"
EndProject
Project("{2150E333-8FDC-42A3-9474-1A3956D46DE8}") = "EmailSendingModule", "EmailSendingModule", "{D8664C69-5ABA-4C95-B278-AD633B0009ED}"
EndProject
Project("{FAE04EC0-301F-11D3-BF4B-00C04F79EFBC}") = "RiverBooks.EmailSending", "RiverBooks.EmailSending\RiverBooks.EmailSending.csproj", "{3D172AFC-5BCF-4E26-B27F-BAF76713C255}"
EndProject
Project("{FAE04EC0-301F-11D3-BF4B-00C04F79EFBC}") = "RiverBooks.EmailSending.Contracts", "RiverBooks.EmailSending.Contracts\RiverBooks.EmailSending.Contracts.csproj", "{294171C6-37FA-4222-92C4-D12A1B84671B}"
EndProject
Global
	GlobalSection(SolutionConfigurationPlatforms) = preSolution
		Debug|Any CPU = Debug|Any CPU
		Release|Any CPU = Release|Any CPU
	EndGlobalSection
	GlobalSection(ProjectConfigurationPlatforms) = postSolution
		{1EC914B8-7940-4D7A-AF7E-987F92FFE7F6}.Debug|Any CPU.ActiveCfg = Debug|Any CPU
		{1EC914B8-7940-4D7A-AF7E-987F92FFE7F6}.Debug|Any CPU.Build.0 = Debug|Any CPU
		{1EC914B8-7940-4D7A-AF7E-987F92FFE7F6}.Release|Any CPU.ActiveCfg = Release|Any CPU
		{1EC914B8-7940-4D7A-AF7E-987F92FFE7F6}.Release|Any CPU.Build.0 = Release|Any CPU
		{296CAD9F-311F-4724-BED8-DF000028E7BD}.Debug|Any CPU.ActiveCfg = Debug|Any CPU
		{296CAD9F-311F-4724-BED8-DF000028E7BD}.Debug|Any CPU.Build.0 = Debug|Any CPU
		{296CAD9F-311F-4724-BED8-DF000028E7BD}.Release|Any CPU.ActiveCfg = Release|Any CPU
		{296CAD9F-311F-4724-BED8-DF000028E7BD}.Release|Any CPU.Build.0 = Release|Any CPU
		{C81FEC98-25CD-4C5C-B42F-0FD403A77CBD}.Debug|Any CPU.ActiveCfg = Debug|Any CPU
		{C81FEC98-25CD-4C5C-B42F-0FD403A77CBD}.Debug|Any CPU.Build.0 = Debug|Any CPU
		{C81FEC98-25CD-4C5C-B42F-0FD403A77CBD}.Release|Any CPU.ActiveCfg = Release|Any CPU
		{C81FEC98-25CD-4C5C-B42F-0FD403A77CBD}.Release|Any CPU.Build.0 = Release|Any CPU
		{BF470714-E487-4853-8927-4427209AF98E}.Debug|Any CPU.ActiveCfg = Debug|Any CPU
		{BF470714-E487-4853-8927-4427209AF98E}.Debug|Any CPU.Build.0 = Debug|Any CPU
		{BF470714-E487-4853-8927-4427209AF98E}.Release|Any CPU.ActiveCfg = Release|Any CPU
		{BF470714-E487-4853-8927-4427209AF98E}.Release|Any CPU.Build.0 = Release|Any CPU
		{B11DCA13-1B37-47C4-84A6-1B0FFC1DD887}.Debug|Any CPU.ActiveCfg = Debug|Any CPU
		{B11DCA13-1B37-47C4-84A6-1B0FFC1DD887}.Debug|Any CPU.Build.0 = Debug|Any CPU
		{B11DCA13-1B37-47C4-84A6-1B0FFC1DD887}.Release|Any CPU.ActiveCfg = Release|Any CPU
		{B11DCA13-1B37-47C4-84A6-1B0FFC1DD887}.Release|Any CPU.Build.0 = Release|Any CPU
		{C23EA998-C39C-473E-8C74-8651A2E71FD5}.Debug|Any CPU.ActiveCfg = Debug|Any CPU
		{C23EA998-C39C-473E-8C74-8651A2E71FD5}.Debug|Any CPU.Build.0 = Debug|Any CPU
		{C23EA998-C39C-473E-8C74-8651A2E71FD5}.Release|Any CPU.ActiveCfg = Release|Any CPU
		{C23EA998-C39C-473E-8C74-8651A2E71FD5}.Release|Any CPU.Build.0 = Release|Any CPU
		{62C139A3-72E4-4EBA-815D-BCFFB15A3247}.Debug|Any CPU.ActiveCfg = Debug|Any CPU
		{62C139A3-72E4-4EBA-815D-BCFFB15A3247}.Debug|Any CPU.Build.0 = Debug|Any CPU
		{62C139A3-72E4-4EBA-815D-BCFFB15A3247}.Release|Any CPU.ActiveCfg = Release|Any CPU
		{62C139A3-72E4-4EBA-815D-BCFFB15A3247}.Release|Any CPU.Build.0 = Release|Any CPU
		{226E44E9-6AF6-4FB9-A080-3CEE0BA44307}.Debug|Any CPU.ActiveCfg = Debug|Any CPU
		{226E44E9-6AF6-4FB9-A080-3CEE0BA44307}.Debug|Any CPU.Build.0 = Debug|Any CPU
		{226E44E9-6AF6-4FB9-A080-3CEE0BA44307}.Release|Any CPU.ActiveCfg = Release|Any CPU
		{226E44E9-6AF6-4FB9-A080-3CEE0BA44307}.Release|Any CPU.Build.0 = Release|Any CPU
		{247E40E5-6D7B-4D7F-965A-516C26881CD3}.Debug|Any CPU.ActiveCfg = Debug|Any CPU
		{247E40E5-6D7B-4D7F-965A-516C26881CD3}.Debug|Any CPU.Build.0 = Debug|Any CPU
		{247E40E5-6D7B-4D7F-965A-516C26881CD3}.Release|Any CPU.ActiveCfg = Release|Any CPU
		{247E40E5-6D7B-4D7F-965A-516C26881CD3}.Release|Any CPU.Build.0 = Release|Any CPU
		{83ECBE28-1CE3-4C02-A5F2-0D4FC93B476F}.Debug|Any CPU.ActiveCfg = Debug|Any CPU
		{83ECBE28-1CE3-4C02-A5F2-0D4FC93B476F}.Debug|Any CPU.Build.0 = Debug|Any CPU
		{83ECBE28-1CE3-4C02-A5F2-0D4FC93B476F}.Release|Any CPU.ActiveCfg = Release|Any CPU
		{83ECBE28-1CE3-4C02-A5F2-0D4FC93B476F}.Release|Any CPU.Build.0 = Release|Any CPU
		{983EDBF5-13D2-43FD-966D-9094758285B3}.Debug|Any CPU.ActiveCfg = Debug|Any CPU
		{983EDBF5-13D2-43FD-966D-9094758285B3}.Debug|Any CPU.Build.0 = Debug|Any CPU
		{983EDBF5-13D2-43FD-966D-9094758285B3}.Release|Any CPU.ActiveCfg = Release|Any CPU
		{983EDBF5-13D2-43FD-966D-9094758285B3}.Release|Any CPU.Build.0 = Release|Any CPU
		{6676FC92-E8C3-4F7F-AC1B-3AE264778104}.Debug|Any CPU.ActiveCfg = Debug|Any CPU
		{6676FC92-E8C3-4F7F-AC1B-3AE264778104}.Debug|Any CPU.Build.0 = Debug|Any CPU
		{6676FC92-E8C3-4F7F-AC1B-3AE264778104}.Release|Any CPU.ActiveCfg = Release|Any CPU
		{6676FC92-E8C3-4F7F-AC1B-3AE264778104}.Release|Any CPU.Build.0 = Release|Any CPU
		{3D172AFC-5BCF-4E26-B27F-BAF76713C255}.Debug|Any CPU.ActiveCfg = Debug|Any CPU
		{3D172AFC-5BCF-4E26-B27F-BAF76713C255}.Debug|Any CPU.Build.0 = Debug|Any CPU
		{3D172AFC-5BCF-4E26-B27F-BAF76713C255}.Release|Any CPU.ActiveCfg = Release|Any CPU
		{3D172AFC-5BCF-4E26-B27F-BAF76713C255}.Release|Any CPU.Build.0 = Release|Any CPU
		{294171C6-37FA-4222-92C4-D12A1B84671B}.Debug|Any CPU.ActiveCfg = Debug|Any CPU
		{294171C6-37FA-4222-92C4-D12A1B84671B}.Debug|Any CPU.Build.0 = Debug|Any CPU
		{294171C6-37FA-4222-92C4-D12A1B84671B}.Release|Any CPU.ActiveCfg = Release|Any CPU
		{294171C6-37FA-4222-92C4-D12A1B84671B}.Release|Any CPU.Build.0 = Release|Any CPU
	EndGlobalSection
	GlobalSection(NestedProjects) = preSolution
		{C81FEC98-25CD-4C5C-B42F-0FD403A77CBD} = {02ADDE35-2189-4C53-BE1B-19DE89769569}
		{BF470714-E487-4853-8927-4427209AF98E} = {02ADDE35-2189-4C53-BE1B-19DE89769569}
		{296CAD9F-311F-4724-BED8-DF000028E7BD} = {73FE982F-7B48-47FC-949D-E5D10B8E7E67}
		{B11DCA13-1B37-47C4-84A6-1B0FFC1DD887} = {73FE982F-7B48-47FC-949D-E5D10B8E7E67}
		{C23EA998-C39C-473E-8C74-8651A2E71FD5} = {72EC7EE2-D2D6-4972-BCC4-DD93119D7745}
		{62C139A3-72E4-4EBA-815D-BCFFB15A3247} = {73FE982F-7B48-47FC-949D-E5D10B8E7E67}
		{226E44E9-6AF6-4FB9-A080-3CEE0BA44307} = {0703467F-0373-497B-9740-649F707E60EE}
		{247E40E5-6D7B-4D7F-965A-516C26881CD3} = {0703467F-0373-497B-9740-649F707E60EE}
		{83ECBE28-1CE3-4C02-A5F2-0D4FC93B476F} = {72EC7EE2-D2D6-4972-BCC4-DD93119D7745}
		{6676FC92-E8C3-4F7F-AC1B-3AE264778104} = {0703467F-0373-497B-9740-649F707E60EE}
		{3D172AFC-5BCF-4E26-B27F-BAF76713C255} = {D8664C69-5ABA-4C95-B278-AD633B0009ED}
		{294171C6-37FA-4222-92C4-D12A1B84671B} = {D8664C69-5ABA-4C95-B278-AD633B0009ED}
	EndGlobalSection
EndGlobal
